
Microsoft Visual Studio Solution File, Format Version 12.00
# Visual Studio 14
VisualStudioVersion = 14.0.23107.0
MinimumVisualStudioVersion = 10.0.40219.1
Project("{FAE04EC0-301F-11D3-BF4B-00C04F79EFBC}") = "DatilClientLibrary", "DatilClientLibrary\DatilClientLibrary.csproj", "{7EFFE2F1-2AB3-4368-A6D0-E1C93CA2D920}"
EndProject
Project("{F184B08F-C81C-45F6-A57F-5ABD9991F28F}") = "CustomerExampleVB", "CustomerExampleVB\CustomerExampleVB.vbproj", "{DC80CC27-4478-4418-B2D9-D29C5B6399D1}"
EndProject
Project("{FAE04EC0-301F-11D3-BF4B-00C04F79EFBC}") = "EjemploCSharp", "EjemploCSharp\EjemploCSharp.csproj", "{7BB5595B-5FCB-47EA-9745-ADC9215C23E2}"
EndProject
Project("{7CF6DF6D-3B04-46F8-A40B-537D21BCA0B4}") = "Documentation", "Documentation\Documentation.shfbproj", "{B19EC788-3323-4D7A-B2A4-5C82B4B14378}"
EndProject
Global
	GlobalSection(SolutionConfigurationPlatforms) = preSolution
		Debug|Any CPU = Debug|Any CPU
		Release|Any CPU = Release|Any CPU
	EndGlobalSection
	GlobalSection(ProjectConfigurationPlatforms) = postSolution
		{7EFFE2F1-2AB3-4368-A6D0-E1C93CA2D920}.Debug|Any CPU.ActiveCfg = Debug|Any CPU
		{7EFFE2F1-2AB3-4368-A6D0-E1C93CA2D920}.Debug|Any CPU.Build.0 = Debug|Any CPU
		{7EFFE2F1-2AB3-4368-A6D0-E1C93CA2D920}.Release|Any CPU.ActiveCfg = Release|Any CPU
		{7EFFE2F1-2AB3-4368-A6D0-E1C93CA2D920}.Release|Any CPU.Build.0 = Release|Any CPU
		{DC80CC27-4478-4418-B2D9-D29C5B6399D1}.Debug|Any CPU.ActiveCfg = Debug|Any CPU
		{DC80CC27-4478-4418-B2D9-D29C5B6399D1}.Debug|Any CPU.Build.0 = Debug|Any CPU
		{DC80CC27-4478-4418-B2D9-D29C5B6399D1}.Release|Any CPU.ActiveCfg = Debug|Any CPU
		{DC80CC27-4478-4418-B2D9-D29C5B6399D1}.Release|Any CPU.Build.0 = Debug|Any CPU
		{7BB5595B-5FCB-47EA-9745-ADC9215C23E2}.Debug|Any CPU.ActiveCfg = Debug|Any CPU
		{7BB5595B-5FCB-47EA-9745-ADC9215C23E2}.Debug|Any CPU.Build.0 = Debug|Any CPU
		{7BB5595B-5FCB-47EA-9745-ADC9215C23E2}.Release|Any CPU.ActiveCfg = Debug|Any CPU
		{7BB5595B-5FCB-47EA-9745-ADC9215C23E2}.Release|Any CPU.Build.0 = Debug|Any CPU
		{B19EC788-3323-4D7A-B2A4-5C82B4B14378}.Debug|Any CPU.ActiveCfg = Debug|Any CPU
		{B19EC788-3323-4D7A-B2A4-5C82B4B14378}.Debug|Any CPU.Build.0 = Debug|Any CPU
		{B19EC788-3323-4D7A-B2A4-5C82B4B14378}.Release|Any CPU.ActiveCfg = Debug|Any CPU
		{B19EC788-3323-4D7A-B2A4-5C82B4B14378}.Release|Any CPU.Build.0 = Debug|Any CPU
	EndGlobalSection
	GlobalSection(SolutionProperties) = preSolution
		HideSolutionNode = FALSE
	EndGlobalSection
EndGlobal
